
Microsoft Visual Studio Solution File, Format Version 12.00
# Visual Studio 15
VisualStudioVersion = 15.0.27703.2035
MinimumVisualStudioVersion = 10.0.40219.1
Project("{FAE04EC0-301F-11D3-BF4B-00C04F79EFBC}") = "CmsShoppingCart", "CmsShoppingCart\CmsShoppingCart.csproj", "{118D2D09-5C73-4CC0-A738-7FDF4CF399A8}"
EndProject
Project("{2150E333-8FDC-42A3-9474-1A3956D46DE8}") = "Solution Items", "Solution Items", "{FA961845-6AE9-47A7-B27F-99A49E61F3AE}"
	ProjectSection(SolutionItems) = preProject
		SQLCreateTbl.sql = SQLCreateTbl.sql
	EndProjectSection
EndProject
Global
	GlobalSection(SolutionConfigurationPlatforms) = preSolution
		Debug|Any CPU = Debug|Any CPU
		Release|Any CPU = Release|Any CPU
	EndGlobalSection
	GlobalSection(ProjectConfigurationPlatforms) = postSolution
		{118D2D09-5C73-4CC0-A738-7FDF4CF399A8}.Debug|Any CPU.ActiveCfg = Debug|Any CPU
		{118D2D09-5C73-4CC0-A738-7FDF4CF399A8}.Debug|Any CPU.Build.0 = Debug|Any CPU
		{118D2D09-5C73-4CC0-A738-7FDF4CF399A8}.Release|Any CPU.ActiveCfg = Release|Any CPU
		{118D2D09-5C73-4CC0-A738-7FDF4CF399A8}.Release|Any CPU.Build.0 = Release|Any CPU
	EndGlobalSection
	GlobalSection(SolutionProperties) = preSolution
		HideSolutionNode = FALSE
	EndGlobalSection
	GlobalSection(ExtensibilityGlobals) = postSolution
		SolutionGuid = {6698A612-EF74-4F6E-8116-3C1AB00BDB38}
	EndGlobalSection
EndGlobal
